<?xml version="1.0" encoding="utf-8"?>
<Project ToolsVersion="4.0" xmlns="http://schemas.microsoft.com/developer/msbuild/2003">
  <ItemGroup>
    <Filter Include="소스 파일">
      <UniqueIdentifier>{4FC737F1-C7A5-4376-A066-2A32D752A2FF}</UniqueIdentifier>
      <Extensions>cpp;c;cc;cxx;c++;cppm;ixx;def;odl;idl;hpj;bat;asm;asmx</Extensions>
    </Filter>
    <Filter Include="헤더 파일">
      <UniqueIdentifier>{93995380-89BD-4b04-88EB-625FBE52EBFB}</UniqueIdentifier>
      <Extensions>h;hh;hpp;hxx;h++;hm;inl;inc;ipp;xsd</Extensions>
    </Filter>
    <Filter Include="리소스 파일">
      <UniqueIdentifier>{67DA6AB6-F800-4c08-8B7A-83BB121AAD01}</UniqueIdentifier>
      <Extensions>rc;ico;cur;bmp;dlg;rc2;rct;bin;rgs;gif;jpg;jpeg;jpe;resx;tiff;tif;png;wav;mfcribbon-ms</Extensions>
    </Filter>
    <Filter Include="소스 파일\Chapter 01">
      <UniqueIdentifier>{cb75eabc-21ac-48cf-94f4-f8cc8ce8bf69}</UniqueIdentifier>
    </Filter>
    <Filter Include="소스 파일\Chapter 01\4">
      <UniqueIdentifier>{e6885844-ffe7-4a39-8b8b-6f8d298ddaf8}</UniqueIdentifier>
    </Filter>
    <Filter Include="소스 파일\Chapter 02">
      <UniqueIdentifier>{3a460128-1285-46ed-bf19-f93730121474}</UniqueIdentifier>
    </Filter>
    <Filter Include="소스 파일\Chapter 02\1">
      <UniqueIdentifier>{fbe09e0e-80ad-4e5a-90d1-c2e472976d52}</UniqueIdentifier>
    </Filter>
    <Filter Include="소스 파일\Chapter 02\2">
      <UniqueIdentifier>{e7645f79-a0ef-47a9-88da-d74b4499b088}</UniqueIdentifier>
    </Filter>
    <Filter Include="소스 파일\Chapter 02\3">
      <UniqueIdentifier>{e49e2d2f-771e-4d3d-ac43-d995ba5d5e74}</UniqueIdentifier>
    </Filter>
    <Filter Include="소스 파일\Chapter 03">
      <UniqueIdentifier>{2cc80458-c650-4e36-ab7e-50a3372c0d39}</UniqueIdentifier>
    </Filter>
    <Filter Include="소스 파일\Chapter 03\3">
      <UniqueIdentifier>{61c5a466-075a-47ea-9661-18b389cd1b3e}</UniqueIdentifier>
    </Filter>
    <Filter Include="소스 파일\Chapter 04">
      <UniqueIdentifier>{a778ab2b-347e-4934-9b07-86c417afe03c}</UniqueIdentifier>
    </Filter>
    <Filter Include="소스 파일\Chapter 04\4">
      <UniqueIdentifier>{a68281ff-7087-44bc-9ba7-66b8a4b2ef3a}</UniqueIdentifier>
    </Filter>
    <Filter Include="소스 파일\Chapter 05">
      <UniqueIdentifier>{6a10fc27-c7be-4966-b4b5-e27139238afc}</UniqueIdentifier>
    </Filter>
    <Filter Include="소스 파일\Chapter 05\1">
      <UniqueIdentifier>{670bb9c4-1bb5-45c0-bcc2-f86ffae9890f}</UniqueIdentifier>
    </Filter>
    <Filter Include="소스 파일\Chapter 05\3">
      <UniqueIdentifier>{0bd1b4c3-a1a4-4ed0-a611-5b291c762148}</UniqueIdentifier>
    </Filter>
    <Filter Include="소스 파일\Chapter 01\6. OOP Project01">
      <UniqueIdentifier>{70d8aa4a-2c1d-4023-aa12-ade14e5b7728}</UniqueIdentifier>
    </Filter>
    <Filter Include="소스 파일\Chapter 04\5. OOP Project02">
      <UniqueIdentifier>{b434f13e-cbf0-4a1f-8814-ea14b863d9df}</UniqueIdentifier>
    </Filter>
    <Filter Include="소스 파일\Chapter 05\4. OOP Project03">
      <UniqueIdentifier>{994c53fa-24d4-4f7d-ab58-5ef22aea9af5}</UniqueIdentifier>
    </Filter>
    <Filter Include="소스 파일\Chapter 01\1. Prac-1">
      <UniqueIdentifier>{ebcce2c0-2f38-4dcc-ad0a-1e9b85fb0cb5}</UniqueIdentifier>
    </Filter>
    <Filter Include="소스 파일\Chapter 01\2. Prac-2">
      <UniqueIdentifier>{46f562eb-8a2e-4e3e-a23d-02a0e3d52e4e}</UniqueIdentifier>
    </Filter>
    <Filter Include="소스 파일\Chapter 01\3. Prac-3">
      <UniqueIdentifier>{bf39d60e-627c-46d9-b43b-88b1fb7f1b11}</UniqueIdentifier>
    </Filter>
    <Filter Include="소스 파일\Chapter 01\5. Prac-4">
      <UniqueIdentifier>{be62cfc2-90fb-4e70-923e-02658a3d9c91}</UniqueIdentifier>
    </Filter>
    <Filter Include="소스 파일\Chapter 02\4. Prac-1~2">
      <UniqueIdentifier>{4028cfc7-b760-4c63-ae65-79550a5ef409}</UniqueIdentifier>
    </Filter>
    <Filter Include="소스 파일\Chapter 02\5. Prac-3">
      <UniqueIdentifier>{3763aa97-3322-41d7-bed4-40dd312de65a}</UniqueIdentifier>
    </Filter>
    <Filter Include="소스 파일\Chapter 02\6. Prac-4">
      <UniqueIdentifier>{7077992f-bfe6-41fc-b2ab-8ca475f6b21c}</UniqueIdentifier>
    </Filter>
    <Filter Include="소스 파일\Chapter 03\1. Prac-1">
      <UniqueIdentifier>{d80b9d24-e1a7-49f6-8528-b733fb8a17a3}</UniqueIdentifier>
    </Filter>
    <Filter Include="소스 파일\Chapter 03\2. Prac-2">
      <UniqueIdentifier>{da0bbb32-a9d5-4bfd-bc6e-63c49d7501c0}</UniqueIdentifier>
    </Filter>
    <Filter Include="소스 파일\Chapter 04\1. Prac-1">
      <UniqueIdentifier>{c4774c16-33ec-4fe5-881f-fd61a6443cff}</UniqueIdentifier>
    </Filter>
    <Filter Include="소스 파일\Chapter 04\2. Prac-2">
      <UniqueIdentifier>{b96eb5db-cd2e-47ab-95e0-998a488219d9}</UniqueIdentifier>
    </Filter>
    <Filter Include="소스 파일\Chapter 04\3. Prac-3">
      <UniqueIdentifier>{dd582b2c-d51d-4c0e-a63a-9dd7f811993a}</UniqueIdentifier>
    </Filter>
    <Filter Include="소스 파일\Chapter 05\2. Prac-1">
      <UniqueIdentifier>{0717147f-c583-451b-958d-7c76ef5c8364}</UniqueIdentifier>
    </Filter>
    <Filter Include="소스 파일\Chapter 06">
      <UniqueIdentifier>{0fba06ec-2e80-4b50-9528-ba3823581ce5}</UniqueIdentifier>
    </Filter>
    <Filter Include="소스 파일\Chapter 06\1">
      <UniqueIdentifier>{b9c53fd5-df04-4e2e-b653-913467022823}</UniqueIdentifier>
    </Filter>
    <Filter Include="소스 파일\Chapter 06\2">
      <UniqueIdentifier>{19d216ba-d1ba-4829-910b-635fbe97f396}</UniqueIdentifier>
    </Filter>
    <Filter Include="소스 파일\Chapter 06\3">
      <UniqueIdentifier>{87f33799-2797-4c15-862a-f485f32e3db9}</UniqueIdentifier>
    </Filter>
    <Filter Include="소스 파일\Chapter 06\4. OOP Project04">
      <UniqueIdentifier>{cd44638f-ac37-4095-a38b-8d76e80ebdcc}</UniqueIdentifier>
    </Filter>
    <Filter Include="소스 파일\Chapter 07">
      <UniqueIdentifier>{29f2365c-510a-432d-9034-7996c1139a06}</UniqueIdentifier>
    </Filter>
    <Filter Include="소스 파일\Chapter 07\1">
      <UniqueIdentifier>{32fb5973-8af7-48da-a7ca-5dbe06073823}</UniqueIdentifier>
    </Filter>
    <Filter Include="소스 파일\Chapter 07\2. Prac-1">
      <UniqueIdentifier>{9cd7e489-2978-4241-8aff-dc800eebd883}</UniqueIdentifier>
    </Filter>
    <Filter Include="소스 파일\Chapter 07\3">
      <UniqueIdentifier>{872289e5-1102-43f3-b348-f142102801e9}</UniqueIdentifier>
    </Filter>
    <Filter Include="소스 파일\Chapter 07\4. Prac-2">
      <UniqueIdentifier>{eb9a1262-8705-4c4f-b9a9-c6cc2ed191bd}</UniqueIdentifier>
    </Filter>
    <Filter Include="소스 파일\Chapter 07\5. OOP Project05">
      <UniqueIdentifier>{f7118439-f568-471c-a25f-b1326ac8097e}</UniqueIdentifier>
    </Filter>
    <Filter Include="소스 파일\Chapter 08">
      <UniqueIdentifier>{aacd2d1c-a43c-4d2c-9c72-86ab5d35f690}</UniqueIdentifier>
    </Filter>
    <Filter Include="소스 파일\Chapter 08\1">
      <UniqueIdentifier>{174a8029-b89f-41ae-9a10-4f02764fe470}</UniqueIdentifier>
    </Filter>
    <Filter Include="소스 파일\Chapter 08\2. Prac-1">
      <UniqueIdentifier>{2edce170-8382-43de-b736-1b65ed9e9688}</UniqueIdentifier>
    </Filter>
    <Filter Include="소스 파일\Chapter 08\3">
      <UniqueIdentifier>{8972346c-b977-4126-84dc-c71531f8811e}</UniqueIdentifier>
    </Filter>
    <Filter Include="소스 파일\Chapter 08\4. OOP Project06">
      <UniqueIdentifier>{14a7f2de-d351-475d-8faf-72e43712c6e4}</UniqueIdentifier>
    </Filter>
    <Filter Include="소스 파일\Chapter 09">
      <UniqueIdentifier>{b6f16d69-96ec-4b3f-8c7e-8af48e720917}</UniqueIdentifier>
    </Filter>
    <Filter Include="소스 파일\Chapter 09\1">
      <UniqueIdentifier>{28186c3c-eafb-4cff-9b34-bb1de1b5ee42}</UniqueIdentifier>
    </Filter>
    <Filter Include="소스 파일\Chapter 09\2">
      <UniqueIdentifier>{de4a2bad-e2a7-4119-b086-c431b4fb7dad}</UniqueIdentifier>
    </Filter>
    <Filter Include="소스 파일\Chapter 09\3. OOP Project07">
      <UniqueIdentifier>{d8abe4d9-a65e-4c0a-8b92-914f641e69df}</UniqueIdentifier>
    </Filter>
    <Filter Include="소스 파일\Chapter 10">
      <UniqueIdentifier>{5dfbe2fe-7ad0-4a02-a09e-9330097d8afe}</UniqueIdentifier>
    </Filter>
    <Filter Include="소스 파일\Chapter 10\1. Prac-1">
      <UniqueIdentifier>{c7c412a8-498a-4b89-afdf-8622d2d8d82a}</UniqueIdentifier>
    </Filter>
    <Filter Include="소스 파일\Chapter 10\2. Prac-2">
      <UniqueIdentifier>{799e3499-060b-467f-84a2-7b22c91efd09}</UniqueIdentifier>
    </Filter>
    <Filter Include="소스 파일\Chapter 10\3">
      <UniqueIdentifier>{9534212b-91bb-4431-8d7a-411b4e0c6211}</UniqueIdentifier>
    </Filter>
    <Filter Include="소스 파일\Chapter 10\4. Prac-3">
      <UniqueIdentifier>{03d1be35-84e6-4559-bb19-96ecfe5205e2}</UniqueIdentifier>
    </Filter>
    <Filter Include="소스 파일\Chapter 11">
      <UniqueIdentifier>{6d9f2afc-76f7-47d5-91f5-a4a09c3b70a9}</UniqueIdentifier>
    </Filter>
    <Filter Include="소스 파일\Chapter 11\1. Prac-1">
      <UniqueIdentifier>{7499508f-20fa-4c45-b040-98f2fb81d152}</UniqueIdentifier>
    </Filter>
    <Filter Include="소스 파일\Chapter 11\2. Prac-2">
      <UniqueIdentifier>{a42552a6-dbec-4e2d-913e-a883da7b7e7e}</UniqueIdentifier>
    </Filter>
    <Filter Include="소스 파일\Chapter 11\3">
      <UniqueIdentifier>{c0291024-e696-4dda-b55a-28bcc387f1a5}</UniqueIdentifier>
    </Filter>
    <Filter Include="소스 파일\Chapter 11\4. OOP Project08">
      <UniqueIdentifier>{7c18abdc-7f97-48bd-90e7-edaf08771db0}</UniqueIdentifier>
    </Filter>
    <Filter Include="소스 파일\Chapter 11\4. OOP Project08\Chapter 09-&gt;OOP Project07">
      <UniqueIdentifier>{5f5acb1b-9b81-4571-9a60-65abc45534d0}</UniqueIdentifier>
    </Filter>
    <Filter Include="소스 파일\Chapter 12">
      <UniqueIdentifier>{54bb8cd8-e12a-4f89-8957-048a0fd6cd52}</UniqueIdentifier>
    </Filter>
    <Filter Include="소스 파일\Chapter 12\1">
      <UniqueIdentifier>{177ae0ef-10bd-4a97-9a17-275acf109cee}</UniqueIdentifier>
    </Filter>
    <Filter Include="소스 파일\Chapter 12\2">
      <UniqueIdentifier>{ba1f25ed-8fc5-4c4d-8ba7-bc2af6983fdf}</UniqueIdentifier>
    </Filter>
    <Filter Include="소스 파일\Chapter 12\3. OOP Project09">
      <UniqueIdentifier>{43e69e0a-3438-4d6c-b563-b1941bb96c6f}</UniqueIdentifier>
    </Filter>
    <Filter Include="소스 파일\Chapter 12\3. OOP Project09\Chapter 09 -&gt;OOP Project07">
      <UniqueIdentifier>{aa6aee9e-f3a6-4c9b-86e9-b815aa07393e}</UniqueIdentifier>
    </Filter>
    <Filter Include="소스 파일\Chapter 13">
      <UniqueIdentifier>{8b95ac22-ccdd-4380-82f0-b6fa61d735d3}</UniqueIdentifier>
    </Filter>
    <Filter Include="소스 파일\Chapter 13\1. Prac-1">
      <UniqueIdentifier>{687bac17-5b4a-4bd3-92d9-e33e3e030906}</UniqueIdentifier>
    </Filter>
    <Filter Include="소스 파일\Chapter 13\2. Prac-2">
      <UniqueIdentifier>{41333849-0cc4-4d56-9d1a-c0d94f487991}</UniqueIdentifier>
    </Filter>
    <Filter Include="소스 파일\Chapter 13\3. OOP Project10">
      <UniqueIdentifier>{47ed85fd-ff39-4601-9eda-075bf9848d86}</UniqueIdentifier>
    </Filter>
    <Filter Include="소스 파일\Chapter 13\3. OOP Project10\Chapter 09 -&gt;OOP Project07">
      <UniqueIdentifier>{8178b546-afa3-4ad8-a351-4197449842fc}</UniqueIdentifier>
    </Filter>
    <Filter Include="소스 파일\Chapter 14">
      <UniqueIdentifier>{b813346a-1caf-41a7-a147-e2ce32637379}</UniqueIdentifier>
    </Filter>
    <Filter Include="소스 파일\Chapter 14\1">
      <UniqueIdentifier>{ab0213e7-28c1-47cf-b6ab-091c9dab472f}</UniqueIdentifier>
    </Filter>
    <Filter Include="소스 파일\Chapter 14\2">
      <UniqueIdentifier>{07020aee-6d4e-465d-b677-e3d157c18af8}</UniqueIdentifier>
    </Filter>
    <Filter Include="소스 파일\Chapter 14\3">
      <UniqueIdentifier>{bd608b68-20ee-45e7-8fa5-ffb0fb101a70}</UniqueIdentifier>
    </Filter>
    <Filter Include="소스 파일\Chapter 14\4">
      <UniqueIdentifier>{6987a701-eb22-4cc6-9435-194c00f6814e}</UniqueIdentifier>
    </Filter>
  </ItemGroup>
  <ItemGroup>
    <ClCompile Include="1. HelloWorld.cpp">
      <Filter>소스 파일\Chapter 01\1. Prac-1</Filter>
    </ClCompile>
    <ClCompile Include="2. SimpleAdder.cpp">
      <Filter>소스 파일\Chapter 01\1. Prac-1</Filter>
    </ClCompile>
    <ClCompile Include="3. BetweenAdder.cpp">
      <Filter>소스 파일\Chapter 01\1. Prac-1</Filter>
    </ClCompile>
    <ClCompile Include="4. StringIO.cpp">
      <Filter>소스 파일\Chapter 01\1. Prac-1</Filter>
    </ClCompile>
    <ClCompile Include="01-1. Prac.cpp">
      <Filter>소스 파일\Chapter 01\1. Prac-1</Filter>
    </ClCompile>
    <ClCompile Include="1. FunctionOverloading.cpp">
      <Filter>소스 파일\Chapter 01\2. Prac-2</Filter>
    </ClCompile>
    <ClCompile Include="01-2. Prac.cpp">
      <Filter>소스 파일\Chapter 01\2. Prac-2</Filter>
    </ClCompile>
    <ClCompile Include="1. DefaultValue1.cpp">
      <Filter>소스 파일\Chapter 01\3. Prac-3</Filter>
    </ClCompile>
    <ClCompile Include="2. DefaultValue2.cpp">
      <Filter>소스 파일\Chapter 01\3. Prac-3</Filter>
    </ClCompile>
    <ClCompile Include="3. DefaultValue3.cpp">
      <Filter>소스 파일\Chapter 01\3. Prac-3</Filter>
    </ClCompile>
    <ClCompile Include="01-3. Prac.cpp">
      <Filter>소스 파일\Chapter 01\3. Prac-3</Filter>
    </ClCompile>
    <ClCompile Include="1. InlineFunc.cpp">
      <Filter>소스 파일\Chapter 01\4</Filter>
    </ClCompile>
    <ClCompile Include="1. NameSp1.cpp">
      <Filter>소스 파일\Chapter 01\5. Prac-4</Filter>
    </ClCompile>
    <ClCompile Include="2. NameSp2.cpp">
      <Filter>소스 파일\Chapter 01\5. Prac-4</Filter>
    </ClCompile>
    <ClCompile Include="3. NameSp3.cpp">
      <Filter>소스 파일\Chapter 01\5. Prac-4</Filter>
    </ClCompile>
    <ClCompile Include="4. UsingDcl1.cpp">
      <Filter>소스 파일\Chapter 01\5. Prac-4</Filter>
    </ClCompile>
    <ClCompile Include="5. UsingDcl2.cpp">
      <Filter>소스 파일\Chapter 01\5. Prac-4</Filter>
    </ClCompile>
    <ClCompile Include="6. UsingDcl3.cpp">
      <Filter>소스 파일\Chapter 01\5. Prac-4</Filter>
    </ClCompile>
    <ClCompile Include="7. NameAlias.cpp">
      <Filter>소스 파일\Chapter 01\5. Prac-4</Filter>
    </ClCompile>
    <ClCompile Include="01-4. Prac-1.cpp">
      <Filter>소스 파일\Chapter 01\5. Prac-4</Filter>
    </ClCompile>
    <ClCompile Include="01-4. Prac-2.cpp">
      <Filter>소스 파일\Chapter 01\5. Prac-4</Filter>
    </ClCompile>
    <ClCompile Include="1. BankingSystemVer01.cpp">
      <Filter>소스 파일\Chapter 01\6. OOP Project01</Filter>
    </ClCompile>
    <ClCompile Include="1. TrueAndFalse.cpp">
      <Filter>소스 파일\Chapter 02\2</Filter>
    </ClCompile>
    <ClCompile Include="2. DataTypeBool.cpp">
      <Filter>소스 파일\Chapter 02\2</Filter>
    </ClCompile>
    <ClCompile Include="1. Referen.cpp">
      <Filter>소스 파일\Chapter 02\3</Filter>
    </ClCompile>
    <ClCompile Include="2. RefArrElem.cpp">
      <Filter>소스 파일\Chapter 02\3</Filter>
    </ClCompile>
    <ClCompile Include="3. RefPtr.cpp">
      <Filter>소스 파일\Chapter 02\3</Filter>
    </ClCompile>
    <ClCompile Include="1. RefSwap.cpp">
      <Filter>소스 파일\Chapter 02\4. Prac-1~2</Filter>
    </ClCompile>
    <ClCompile Include="02-1. Prac.cpp">
      <Filter>소스 파일\Chapter 02\4. Prac-1~2</Filter>
    </ClCompile>
    <ClCompile Include="2. RefReturnOne.cpp">
      <Filter>소스 파일\Chapter 02\4. Prac-1~2</Filter>
    </ClCompile>
    <ClCompile Include="3. RefReturnTwo.cpp">
      <Filter>소스 파일\Chapter 02\4. Prac-1~2</Filter>
    </ClCompile>
    <ClCompile Include="4. RefReturnThree.cpp">
      <Filter>소스 파일\Chapter 02\4. Prac-1~2</Filter>
    </ClCompile>
    <ClCompile Include="02-2. Prac.cpp">
      <Filter>소스 파일\Chapter 02\4. Prac-1~2</Filter>
    </ClCompile>
    <ClCompile Include="1. MemMalFree.cpp">
      <Filter>소스 파일\Chapter 02\5. Prac-3</Filter>
    </ClCompile>
    <ClCompile Include="2. NewDelete.cpp">
      <Filter>소스 파일\Chapter 02\5. Prac-3</Filter>
    </ClCompile>
    <ClCompile Include="3. NewObject.cpp">
      <Filter>소스 파일\Chapter 02\5. Prac-3</Filter>
    </ClCompile>
    <ClCompile Include="02-3. Prac.cpp">
      <Filter>소스 파일\Chapter 02\5. Prac-3</Filter>
    </ClCompile>
    <ClCompile Include="1. StdCPPFunc.cpp">
      <Filter>소스 파일\Chapter 02\6. Prac-4</Filter>
    </ClCompile>
    <ClCompile Include="02-4. Prac.cpp">
      <Filter>소스 파일\Chapter 02\6. Prac-4</Filter>
    </ClCompile>
    <ClCompile Include="1. RacingCar.cpp">
      <Filter>소스 파일\Chapter 03\1. Prac-1</Filter>
    </ClCompile>
    <ClCompile Include="2. RacingCarFuncAdd.cpp">
      <Filter>소스 파일\Chapter 03\1. Prac-1</Filter>
    </ClCompile>
    <ClCompile Include="03-1. Prac.cpp">
      <Filter>소스 파일\Chapter 03\1. Prac-1</Filter>
    </ClCompile>
    <ClCompile Include="3. RacingCarEnum.cpp">
      <Filter>소스 파일\Chapter 03\1. Prac-1</Filter>
    </ClCompile>
    <ClCompile Include="4. RacingCarOuterFunc.cpp">
      <Filter>소스 파일\Chapter 03\1. Prac-1</Filter>
    </ClCompile>
    <ClCompile Include="1. RacingCarClassBase.cpp">
      <Filter>소스 파일\Chapter 03\2. Prac-2</Filter>
    </ClCompile>
    <ClCompile Include="2. RacingMain-3.cpp">
      <Filter>소스 파일\Chapter 03\2. Prac-2</Filter>
    </ClCompile>
    <ClCompile Include="2. Car-2.cpp">
      <Filter>소스 파일\Chapter 03\2. Prac-2</Filter>
    </ClCompile>
    <ClCompile Include="3. CarInline-2.cpp">
      <Filter>소스 파일\Chapter 03\2. Prac-2</Filter>
    </ClCompile>
    <ClCompile Include="3. RacingInlineMain-3.cpp">
      <Filter>소스 파일\Chapter 03\2. Prac-2</Filter>
    </ClCompile>
    <ClCompile Include="03-2. Prac.cpp">
      <Filter>소스 파일\Chapter 03\2. Prac-2</Filter>
    </ClCompile>
    <ClCompile Include="1. FruitSaleSim1.cpp">
      <Filter>소스 파일\Chapter 03\3</Filter>
    </ClCompile>
    <ClCompile Include="1. RectangleFault.cpp">
      <Filter>소스 파일\Chapter 04\1. Prac-1</Filter>
    </ClCompile>
    <ClCompile Include="2. Point-1-2.cpp">
      <Filter>소스 파일\Chapter 04\1. Prac-1</Filter>
    </ClCompile>
    <ClCompile Include="2. Rectangle-2-2.cpp">
      <Filter>소스 파일\Chapter 04\1. Prac-1</Filter>
    </ClCompile>
    <ClCompile Include="2. RectangleFaultFind-2-3.cpp">
      <Filter>소스 파일\Chapter 04\1. Prac-1</Filter>
    </ClCompile>
    <ClCompile Include="04-1 Prac.cpp">
      <Filter>소스 파일\Chapter 04\1. Prac-1</Filter>
    </ClCompile>
    <ClCompile Include="1. Encaps1.cpp">
      <Filter>소스 파일\Chapter 04\2. Prac-2</Filter>
    </ClCompile>
    <ClCompile Include="2. Encaps2.cpp">
      <Filter>소스 파일\Chapter 04\2. Prac-2</Filter>
    </ClCompile>
    <ClCompile Include="04-2. Prac.cpp">
      <Filter>소스 파일\Chapter 04\2. Prac-2</Filter>
    </ClCompile>
    <ClCompile Include="1. Constructor1.cpp">
      <Filter>소스 파일\Chapter 04\3. Prac-3</Filter>
    </ClCompile>
    <ClCompile Include="2. Constructor2.cpp">
      <Filter>소스 파일\Chapter 04\3. Prac-3</Filter>
    </ClCompile>
    <ClCompile Include="3. FruitSaleSim2.cpp">
      <Filter>소스 파일\Chapter 04\3. Prac-3</Filter>
    </ClCompile>
    <ClCompile Include="4. Point-1-2.cpp">
      <Filter>소스 파일\Chapter 04\3. Prac-3</Filter>
    </ClCompile>
    <ClCompile Include="4. Rectangle-2-2.cpp">
      <Filter>소스 파일\Chapter 04\3. Prac-3</Filter>
    </ClCompile>
    <ClCompile Include="4. RectangleConstructor-2-3.cpp">
      <Filter>소스 파일\Chapter 04\3. Prac-3</Filter>
    </ClCompile>
    <ClCompile Include="5. FruitSaleSim3.cpp">
      <Filter>소스 파일\Chapter 04\3. Prac-3</Filter>
    </ClCompile>
    <ClCompile Include="6. ReferenceMember.cpp">
      <Filter>소스 파일\Chapter 04\3. Prac-3</Filter>
    </ClCompile>
    <ClCompile Include="7. PrivateConstructor.cpp">
      <Filter>소스 파일\Chapter 04\3. Prac-3</Filter>
    </ClCompile>
    <ClCompile Include="8. Destructor.cpp">
      <Filter>소스 파일\Chapter 04\3. Prac-3</Filter>
    </ClCompile>
    <ClCompile Include="04-3. Prac.cpp">
      <Filter>소스 파일\Chapter 04\3. Prac-3</Filter>
    </ClCompile>
    <ClCompile Include="1. ObjArr.cpp">
      <Filter>소스 파일\Chapter 04\4</Filter>
    </ClCompile>
    <ClCompile Include="2. ObjPtrArr.cpp">
      <Filter>소스 파일\Chapter 04\4</Filter>
    </ClCompile>
    <ClCompile Include="3. PointerThis.cpp">
      <Filter>소스 파일\Chapter 04\4</Filter>
    </ClCompile>
    <ClCompile Include="4. UsefulThisPtr.cpp">
      <Filter>소스 파일\Chapter 04\4</Filter>
    </ClCompile>
    <ClCompile Include="5. SelfRef.cpp">
      <Filter>소스 파일\Chapter 04\4</Filter>
    </ClCompile>
    <ClCompile Include="1. BankingSystemVer02.cpp">
      <Filter>소스 파일\Chapter 04\5. OOP Project02</Filter>
    </ClCompile>
    <ClCompile Include="1. ClassInit.cpp">
      <Filter>소스 파일\Chapter 05\1</Filter>
    </ClCompile>
    <ClCompile Include="1. ShallowCopyError.cpp">
      <Filter>소스 파일\Chapter 05\2. Prac-1</Filter>
    </ClCompile>
    <ClCompile Include="2. DeepCopyCon.cpp">
      <Filter>소스 파일\Chapter 05\2. Prac-1</Filter>
    </ClCompile>
    <ClCompile Include="05-1. Prac.cpp">
      <Filter>소스 파일\Chapter 05\2. Prac-1</Filter>
    </ClCompile>
    <ClCompile Include="1. PassObjCopycon.cpp">
      <Filter>소스 파일\Chapter 05\3</Filter>
    </ClCompile>
    <ClCompile Include="2. ReturnObjCopycon.cpp">
      <Filter>소스 파일\Chapter 05\3</Filter>
    </ClCompile>
    <ClCompile Include="3. IKnowTempObj.cpp">
      <Filter>소스 파일\Chapter 05\3</Filter>
    </ClCompile>
    <ClCompile Include="4. ReturnObjDeadTime.cpp">
      <Filter>소스 파일\Chapter 05\3</Filter>
    </ClCompile>
    <ClCompile Include="1. BankingSystemVer03.cpp">
      <Filter>소스 파일\Chapter 05\4. OOP Project03</Filter>
    </ClCompile>
    <ClCompile Include="1. ConstObject.cpp">
      <Filter>소스 파일\Chapter 06\1</Filter>
    </ClCompile>
    <ClCompile Include="2. ConstOverloading.cpp">
      <Filter>소스 파일\Chapter 06\1</Filter>
    </ClCompile>
    <ClCompile Include="1. MyFriendClass.cpp">
      <Filter>소스 파일\Chapter 06\2</Filter>
    </ClCompile>
    <ClCompile Include="2. MyFriendFunction.cpp">
      <Filter>소스 파일\Chapter 06\2</Filter>
    </ClCompile>
    <ClCompile Include="1. CComStatic.cpp">
      <Filter>소스 파일\Chapter 06\3</Filter>
    </ClCompile>
    <ClCompile Include="2. NeedGlobal.cpp">
      <Filter>소스 파일\Chapter 06\3</Filter>
    </ClCompile>
    <ClCompile Include="3. StaticMember.cpp">
      <Filter>소스 파일\Chapter 06\3</Filter>
    </ClCompile>
    <ClCompile Include="4. PublicStaticMember.cpp">
      <Filter>소스 파일\Chapter 06\3</Filter>
    </ClCompile>
    <ClCompile Include="5. ConstStaticMember.cpp">
      <Filter>소스 파일\Chapter 06\3</Filter>
    </ClCompile>
    <ClCompile Include="6. Mutable.cpp">
      <Filter>소스 파일\Chapter 06\3</Filter>
    </ClCompile>
    <ClCompile Include="1. BankingSystemVer04.cpp">
      <Filter>소스 파일\Chapter 06\4. OOP Project04</Filter>
    </ClCompile>
    <ClCompile Include="1. EmployeeManager1.cpp">
      <Filter>소스 파일\Chapter 07\1</Filter>
    </ClCompile>
    <ClCompile Include="1. UnivStudentInheri.cpp">
      <Filter>소스 파일\Chapter 07\2. Prac-1</Filter>
    </ClCompile>
    <ClCompile Include="2. DerivCreOrder.cpp">
      <Filter>소스 파일\Chapter 07\2. Prac-1</Filter>
    </ClCompile>
    <ClCompile Include="3. DerivDestOrder.cpp">
      <Filter>소스 파일\Chapter 07\2. Prac-1</Filter>
    </ClCompile>
    <ClCompile Include="4. DestModel.cpp">
      <Filter>소스 파일\Chapter 07\2. Prac-1</Filter>
    </ClCompile>
    <ClCompile Include="07-1. Prac.cpp">
      <Filter>소스 파일\Chapter 07\2. Prac-1</Filter>
    </ClCompile>
    <ClCompile Include="1. ProtectedHeri.cpp">
      <Filter>소스 파일\Chapter 07\3</Filter>
    </ClCompile>
    <ClCompile Include="1. ISAInheritance.cpp">
      <Filter>소스 파일\Chapter 07\4. Prac-2</Filter>
    </ClCompile>
    <ClCompile Include="2. HASInheritance.cpp">
      <Filter>소스 파일\Chapter 07\4. Prac-2</Filter>
    </ClCompile>
    <ClCompile Include="3. HASComposite.cpp">
      <Filter>소스 파일\Chapter 07\4. Prac-2</Filter>
    </ClCompile>
    <ClCompile Include="07-2. Prac.cpp">
      <Filter>소스 파일\Chapter 07\4. Prac-2</Filter>
    </ClCompile>
    <ClCompile Include="1. BankingSystemVer05.cpp">
      <Filter>소스 파일\Chapter 07\5. OOP Project05</Filter>
    </ClCompile>
    <ClCompile Include="1. ObjectPointer.cpp">
      <Filter>소스 파일\Chapter 08\1</Filter>
    </ClCompile>
    <ClCompile Include="2. EmployeeManager2.cpp">
      <Filter>소스 파일\Chapter 08\1</Filter>
    </ClCompile>
    <ClCompile Include="1. FunctionOverride.cpp">
      <Filter>소스 파일\Chapter 08\2. Prac-1</Filter>
    </ClCompile>
    <ClCompile Include="2. FunctionVirtualOverride.cpp">
      <Filter>소스 파일\Chapter 08\2. Prac-1</Filter>
    </ClCompile>
    <ClCompile Include="3. EmployeeManager4.cpp">
      <Filter>소스 파일\Chapter 08\2. Prac-1</Filter>
    </ClCompile>
    <ClCompile Include="3. EmployeeManager3.cpp">
      <Filter>소스 파일\Chapter 08\1</Filter>
    </ClCompile>
    <ClCompile Include="08-1. Prac.cpp">
      <Filter>소스 파일\Chapter 08\2. Prac-1</Filter>
    </ClCompile>
    <ClCompile Include="4. Polymorphism.cpp">
      <Filter>소스 파일\Chapter 08\2. Prac-1</Filter>
    </ClCompile>
    <ClCompile Include="1. VirtualDestructor.cpp">
      <Filter>소스 파일\Chapter 08\3</Filter>
    </ClCompile>
    <ClCompile Include="2. ReferenceAttribute.cpp">
      <Filter>소스 파일\Chapter 08\3</Filter>
    </ClCompile>
    <ClCompile Include="1. BankingSystemVer06.cpp">
      <Filter>소스 파일\Chapter 08\4. OOP Project06</Filter>
    </ClCompile>
    <ClCompile Include="1. RealObjUnder1.cpp">
      <Filter>소스 파일\Chapter 09\1</Filter>
    </ClCompile>
    <ClCompile Include="2. RealObjUnder2.cpp">
      <Filter>소스 파일\Chapter 09\1</Filter>
    </ClCompile>
    <ClCompile Include="3. VirtualInternal.cpp">
      <Filter>소스 파일\Chapter 09\1</Filter>
    </ClCompile>
    <ClCompile Include="1. MultiInheri1.cpp">
      <Filter>소스 파일\Chapter 09\2</Filter>
    </ClCompile>
    <ClCompile Include="2. MultiInheri2.cpp">
      <Filter>소스 파일\Chapter 09\2</Filter>
    </ClCompile>
    <ClCompile Include="3. MultiInheri3.cpp">
      <Filter>소스 파일\Chapter 09\2</Filter>
    </ClCompile>
    <ClCompile Include="Account.cpp">
      <Filter>소스 파일\Chapter 09\3. OOP Project07</Filter>
    </ClCompile>
    <ClCompile Include="AccountHandler.cpp">
      <Filter>소스 파일\Chapter 09\3. OOP Project07</Filter>
    </ClCompile>
    <ClCompile Include="BankingSystemMain.cpp">
      <Filter>소스 파일\Chapter 09\3. OOP Project07</Filter>
    </ClCompile>
    <ClCompile Include="1. FirstOperationOverloading.cpp">
      <Filter>소스 파일\Chapter 10\1. Prac-1</Filter>
    </ClCompile>
    <ClCompile Include="2. OverloadingOperation.cpp">
      <Filter>소스 파일\Chapter 10\1. Prac-1</Filter>
    </ClCompile>
    <ClCompile Include="3. GFunctionOverloading.cpp">
      <Filter>소스 파일\Chapter 10\1. Prac-1</Filter>
    </ClCompile>
    <ClCompile Include="10-1. Prac.cpp">
      <Filter>소스 파일\Chapter 10\1. Prac-1</Filter>
    </ClCompile>
    <ClCompile Include="1. OneOpndOverloading.cpp">
      <Filter>소스 파일\Chapter 10\2. Prac-2</Filter>
    </ClCompile>
    <ClCompile Include="10-2. Prac.cpp">
      <Filter>소스 파일\Chapter 10\2. Prac-2</Filter>
    </ClCompile>
    <ClCompile Include="2. PostOpndOverloading.cpp">
      <Filter>소스 파일\Chapter 10\2. Prac-2</Filter>
    </ClCompile>
    <ClCompile Include="1. PointMultipleOperation.cpp">
      <Filter>소스 파일\Chapter 10\3</Filter>
    </ClCompile>
    <ClCompile Include="2. CommuMultipleOperation.cpp">
      <Filter>소스 파일\Chapter 10\3</Filter>
    </ClCompile>
    <ClCompile Include="1. ConsoleOutput.cpp">
      <Filter>소스 파일\Chapter 10\4. Prac-3</Filter>
    </ClCompile>
    <ClCompile Include="2. IterateConsoleOutput.cpp">
      <Filter>소스 파일\Chapter 10\4. Prac-3</Filter>
    </ClCompile>
    <ClCompile Include="3. PointConsoleOutput.cpp">
      <Filter>소스 파일\Chapter 10\4. Prac-3</Filter>
    </ClCompile>
    <ClCompile Include="10-3. Prac.cpp">
      <Filter>소스 파일\Chapter 10\4. Prac-3</Filter>
    </ClCompile>
    <ClCompile Include="FirstOperationOverloading.cpp">
      <Filter>소스 파일\Chapter 11\1. Prac-1</Filter>
    </ClCompile>
    <ClCompile Include="2. AssignShallowCopyError.cpp">
      <Filter>소스 파일\Chapter 11\1. Prac-1</Filter>
    </ClCompile>
    <ClCompile Include="3. InheritAssignOperation.cpp">
      <Filter>소스 파일\Chapter 11\1. Prac-1</Filter>
    </ClCompile>
    <ClCompile Include="11-1. Prac.cpp">
      <Filter>소스 파일\Chapter 11\1. Prac-1</Filter>
    </ClCompile>
    <ClCompile Include="4. ImproveInit.cpp">
      <Filter>소스 파일\Chapter 11\1. Prac-1</Filter>
    </ClCompile>
    <ClCompile Include="1. ArrayClass.cpp">
      <Filter>소스 파일\Chapter 11\2. Prac-2</Filter>
    </ClCompile>
    <ClCompile Include="2. StableConstArrayProb.cpp">
      <Filter>소스 파일\Chapter 11\2. Prac-2</Filter>
    </ClCompile>
    <ClCompile Include="3. StableConstArraySolu.cpp">
      <Filter>소스 파일\Chapter 11\2. Prac-2</Filter>
    </ClCompile>
    <ClCompile Include="4. StablePointObjArray.cpp">
      <Filter>소스 파일\Chapter 11\2. Prac-2</Filter>
    </ClCompile>
    <ClCompile Include="5. StablePointPtrArray.cpp">
      <Filter>소스 파일\Chapter 11\2. Prac-2</Filter>
    </ClCompile>
    <ClCompile Include="11-2. Prac.cpp">
      <Filter>소스 파일\Chapter 11\2. Prac-2</Filter>
    </ClCompile>
    <ClCompile Include="1. STDString.cpp">
      <Filter>소스 파일\Chapter 12\1</Filter>
    </ClCompile>
    <ClCompile Include="1. StringClass.cpp">
      <Filter>소스 파일\Chapter 12\2</Filter>
    </ClCompile>
    <ClCompile Include="String.cpp">
      <Filter>소스 파일\Chapter 09\3. OOP Project07</Filter>
    </ClCompile>
    <ClCompile Include="1. AddFunctionTemplate.cpp">
      <Filter>소스 파일\Chapter 13\1. Prac-1</Filter>
    </ClCompile>
    <ClCompile Include="2. TwoTypeAddFunction.cpp">
      <Filter>소스 파일\Chapter 13\1. Prac-1</Filter>
    </ClCompile>
    <ClCompile Include="3. PrimitiveFunctionTemplate.cpp">
      <Filter>소스 파일\Chapter 13\1. Prac-1</Filter>
    </ClCompile>
    <ClCompile Include="13-1. Prac.cpp">
      <Filter>소스 파일\Chapter 13\1. Prac-1</Filter>
    </ClCompile>
    <ClCompile Include="4. NeedSpecialFunctionTemplate.cpp">
      <Filter>소스 파일\Chapter 13\1. Prac-1</Filter>
    </ClCompile>
    <ClCompile Include="5. SpecialFunctionTemplate.cpp">
      <Filter>소스 파일\Chapter 13\1. Prac-1</Filter>
    </ClCompile>
    <ClCompile Include="1. PointClassTemplate.cpp">
      <Filter>소스 파일\Chapter 13\2. Prac-2</Filter>
    </ClCompile>
    <ClCompile Include="2. PointClassTemplateFuncDef.cpp">
      <Filter>소스 파일\Chapter 13\2. Prac-2</Filter>
    </ClCompile>
    <ClCompile Include="3-2. PointTemplate.cpp">
      <Filter>소스 파일\Chapter 13\2. Prac-2</Filter>
    </ClCompile>
    <ClCompile Include="3-3. PointMain.cpp">
      <Filter>소스 파일\Chapter 13\2. Prac-2</Filter>
    </ClCompile>
    <ClCompile Include="4-3. Point.cpp">
      <Filter>소스 파일\Chapter 13\2. Prac-2</Filter>
    </ClCompile>
    <ClCompile Include="4-4. BoundArrayMain.cpp">
      <Filter>소스 파일\Chapter 13\2. Prac-2</Filter>
    </ClCompile>
    <ClCompile Include="13-2. Prac.cpp">
      <Filter>소스 파일\Chapter 13\2. Prac-2</Filter>
    </ClCompile>
    <ClCompile Include="1-2. ArrayTemplate.h">
      <Filter>소스 파일\Chapter 14\1</Filter>
    </ClCompile>
    <ClCompile Include="1-3. BoundArrayMain.cpp">
      <Filter>소스 파일\Chapter 14\1</Filter>
    </ClCompile>
    <ClCompile Include="2. PointTemplateFriendFunction.cpp">
      <Filter>소스 파일\Chapter 14\1</Filter>
    </ClCompile>
    <ClCompile Include="1. ClassTemplateSpecialization.cpp">
      <Filter>소스 파일\Chapter 14\2</Filter>
    </ClCompile>
    <ClCompile Include="2. ClassTemplatePartialSpecialization.cpp">
      <Filter>소스 파일\Chapter 14\2</Filter>
    </ClCompile>
    <ClCompile Include="1. NonTypeTemplateParam.cpp">
      <Filter>소스 파일\Chapter 14\3</Filter>
    </ClCompile>
    <ClCompile Include="2. TemplateParamDefaultValue.cpp">
      <Filter>소스 파일\Chapter 14\3</Filter>
    </ClCompile>
    <ClCompile Include="1. FunctionTemplateStaticVar.cpp">
      <Filter>소스 파일\Chapter 14\4</Filter>
    </ClCompile>
    <ClCompile Include="2. ClassTemplateStaticMem.cpp">
      <Filter>소스 파일\Chapter 14\4</Filter>
    </ClCompile>
  </ItemGroup>
  <ItemGroup>
    <ClInclude Include="01-4. Prac-3.h">
      <Filter>소스 파일\Chapter 01\5. Prac-4</Filter>
    </ClInclude>
    <ClInclude Include="2. Car-1.h">
      <Filter>소스 파일\Chapter 03\2. Prac-2</Filter>
    </ClInclude>
    <ClInclude Include="3. CarInline-1.h">
      <Filter>소스 파일\Chapter 03\2. Prac-2</Filter>
    </ClInclude>
    <ClInclude Include="2. Point-1-1.h">
      <Filter>소스 파일\Chapter 04\1. Prac-1</Filter>
    </ClInclude>
    <ClInclude Include="2. Rectangle-2-1.h">
      <Filter>소스 파일\Chapter 04\1. Prac-1</Filter>
    </ClInclude>
    <ClInclude Include="4. Point-1-1.h">
      <Filter>소스 파일\Chapter 04\3. Prac-3</Filter>
    </ClInclude>
    <ClInclude Include="4. Rectangle-2-1.h">
      <Filter>소스 파일\Chapter 04\3. Prac-3</Filter>
    </ClInclude>
    <ClInclude Include="Account.h">
      <Filter>소스 파일\Chapter 09\3. OOP Project07</Filter>
    </ClInclude>
    <ClInclude Include="NormalAccount.h">
      <Filter>소스 파일\Chapter 09\3. OOP Project07</Filter>
    </ClInclude>
    <ClInclude Include="HighCreditAccount.h">
      <Filter>소스 파일\Chapter 09\3. OOP Project07</Filter>
    </ClInclude>
    <ClInclude Include="AccountHandler.h">
      <Filter>소스 파일\Chapter 09\3. OOP Project07</Filter>
    </ClInclude>
    <ClInclude Include="BankingCommonDecl.h">
      <Filter>소스 파일\Chapter 09\3. OOP Project07</Filter>
    </ClInclude>
    <ClInclude Include="String.h">
      <Filter>소스 파일\Chapter 09\3. OOP Project07</Filter>
    </ClInclude>
    <ClInclude Include="3-1. PointTemplate.h">
      <Filter>소스 파일\Chapter 13\2. Prac-2</Filter>
    </ClInclude>
    <ClInclude Include="4-1. ArrayTemplate.h">
      <Filter>소스 파일\Chapter 13\2. Prac-2</Filter>
    </ClInclude>
    <ClInclude Include="4-2. Point.h">
      <Filter>소스 파일\Chapter 13\2. Prac-2</Filter>
    </ClInclude>
    <ClInclude Include="BoundCheckArray.h">
      <Filter>소스 파일\Chapter 09\3. OOP Project07</Filter>
    </ClInclude>
    <ClInclude Include="1-1. PointTemplate.h">
      <Filter>소스 파일\Chapter 14\1</Filter>
    </ClInclude>
  </ItemGroup>
</Project>