<?xml version="1.0" encoding="utf-8"?>
<Project ToolsVersion="4.0" xmlns="http://schemas.microsoft.com/developer/msbuild/2003">
  <ItemGroup>
    <Filter Include="소스 파일">
      <UniqueIdentifier>{4FC737F1-C7A5-4376-A066-2A32D752A2FF}</UniqueIdentifier>
      <Extensions>cpp;c;cc;cxx;c++;cppm;ixx;def;odl;idl;hpj;bat;asm;asmx</Extensions>
    </Filter>
    <Filter Include="헤더 파일">
      <UniqueIdentifier>{93995380-89BD-4b04-88EB-625FBE52EBFB}</UniqueIdentifier>
      <Extensions>h;hh;hpp;hxx;h++;hm;inl;inc;ipp;xsd</Extensions>
    </Filter>
    <Filter Include="리소스 파일">
      <UniqueIdentifier>{67DA6AB6-F800-4c08-8B7A-83BB121AAD01}</UniqueIdentifier>
      <Extensions>rc;ico;cur;bmp;dlg;rc2;rct;bin;rgs;gif;jpg;jpeg;jpe;resx;tiff;tif;png;wav;mfcribbon-ms</Extensions>
    </Filter>
    <Filter Include="소스 파일\Chapter 01">
      <UniqueIdentifier>{cb75eabc-21ac-48cf-94f4-f8cc8ce8bf69}</UniqueIdentifier>
    </Filter>
    <Filter Include="소스 파일\Chapter 01\1">
      <UniqueIdentifier>{ebcce2c0-2f38-4dcc-ad0a-1e9b85fb0cb5}</UniqueIdentifier>
    </Filter>
    <Filter Include="소스 파일\Chapter 01\2">
      <UniqueIdentifier>{46f562eb-8a2e-4e3e-a23d-02a0e3d52e4e}</UniqueIdentifier>
    </Filter>
    <Filter Include="소스 파일\Chapter 01\3">
      <UniqueIdentifier>{bf39d60e-627c-46d9-b43b-88b1fb7f1b11}</UniqueIdentifier>
    </Filter>
    <Filter Include="소스 파일\Chapter 01\4">
      <UniqueIdentifier>{e6885844-ffe7-4a39-8b8b-6f8d298ddaf8}</UniqueIdentifier>
    </Filter>
    <Filter Include="소스 파일\Chapter 01\5">
      <UniqueIdentifier>{be62cfc2-90fb-4e70-923e-02658a3d9c91}</UniqueIdentifier>
    </Filter>
    <Filter Include="소스 파일\Chapter 01\6">
      <UniqueIdentifier>{70d8aa4a-2c1d-4023-aa12-ade14e5b7728}</UniqueIdentifier>
    </Filter>
  </ItemGroup>
  <ItemGroup>
    <ClCompile Include="1. HelloWorld.cpp">
      <Filter>소스 파일\Chapter 01\1</Filter>
    </ClCompile>
    <ClCompile Include="2. SimpleAdder.cpp">
      <Filter>소스 파일\Chapter 01\1</Filter>
    </ClCompile>
    <ClCompile Include="3. BetweenAdder.cpp">
      <Filter>소스 파일\Chapter 01\1</Filter>
    </ClCompile>
    <ClCompile Include="4. StringIO.cpp">
      <Filter>소스 파일\Chapter 01\1</Filter>
    </ClCompile>
    <ClCompile Include="01-1. Exam.cpp">
      <Filter>소스 파일\Chapter 01\1</Filter>
    </ClCompile>
    <ClCompile Include="1. FunctionOverloading.cpp">
      <Filter>소스 파일\Chapter 01\2</Filter>
    </ClCompile>
    <ClCompile Include="01-2. Exam.cpp">
      <Filter>소스 파일\Chapter 01\2</Filter>
    </ClCompile>
    <ClCompile Include="1. DefaultValue1.cpp">
      <Filter>소스 파일\Chapter 01\3</Filter>
    </ClCompile>
    <ClCompile Include="2. DefaultValue2.cpp">
      <Filter>소스 파일\Chapter 01\3</Filter>
    </ClCompile>
    <ClCompile Include="3. DefaultValue3.cpp">
      <Filter>소스 파일\Chapter 01\3</Filter>
    </ClCompile>
    <ClCompile Include="01-3. Exam.cpp">
      <Filter>소스 파일\Chapter 01\3</Filter>
    </ClCompile>
    <ClCompile Include="1. InlineFunc.cpp">
      <Filter>소스 파일\Chapter 01\4</Filter>
    </ClCompile>
    <ClCompile Include="1. NameSp1.cpp">
      <Filter>소스 파일\Chapter 01\5</Filter>
    </ClCompile>
    <ClCompile Include="2. NameSp2.cpp">
      <Filter>소스 파일\Chapter 01\5</Filter>
    </ClCompile>
    <ClCompile Include="3. NameSp3.cpp">
      <Filter>소스 파일\Chapter 01\5</Filter>
    </ClCompile>
    <ClCompile Include="4. UsingDcl1.cpp">
      <Filter>소스 파일\Chapter 01\5</Filter>
    </ClCompile>
    <ClCompile Include="5. UsingDcl2.cpp">
      <Filter>소스 파일\Chapter 01\5</Filter>
    </ClCompile>
    <ClCompile Include="6. UsingDcl3.cpp">
      <Filter>소스 파일\Chapter 01\5</Filter>
    </ClCompile>
    <ClCompile Include="7. NameAlias.cpp">
      <Filter>소스 파일\Chapter 01\5</Filter>
    </ClCompile>
    <ClCompile Include="01-4. Exam-1.cpp">
      <Filter>소스 파일\Chapter 01\5</Filter>
    </ClCompile>
    <ClCompile Include="01-4. Exam-2.cpp">
      <Filter>소스 파일\Chapter 01\5</Filter>
    </ClCompile>
    <ClCompile Include="BankingSystemVer01.cpp">
      <Filter>소스 파일\Chapter 01\6</Filter>
    </ClCompile>
  </ItemGroup>
  <ItemGroup>
    <ClInclude Include="01-4. Exam-3.h">
      <Filter>소스 파일\Chapter 01\5</Filter>
    </ClInclude>
  </ItemGroup>
</Project>